
Microsoft Visual Studio Solution File, Format Version 12.00
# Visual Studio Version 17
VisualStudioVersion = 17.2.32630.192
MinimumVisualStudioVersion = 10.0.40219.1
Project("{8BC9CEB8-8B4A-11D0-8D11-00A0C91BC942}") = "00 Python Binding example", "00 Python Binding example\00 Python Binding example.vcxproj", "{9302DAF9-FD7F-4B8F-9DE5-61C2B455D94C}"
EndProject
Project("{8BC9CEB8-8B4A-11D0-8D11-00A0C91BC942}") = "00 Python Binding matplotlib", "00 Python Binding matplotlib\00 Python Binding matplotlib.vcxproj", "{76F3C190-B0A2-4B77-AFF2-6FFC63604501}"
EndProject
Project("{8BC9CEB8-8B4A-11D0-8D11-00A0C91BC942}") = "Quizp1", "Quizp1\Quizp1.vcxproj", "{04FB05DE-E345-4EE4-8B2B-074B0D55B612}"
EndProject
Global
	GlobalSection(SolutionConfigurationPlatforms) = preSolution
		Debug|x64 = Debug|x64
		Debug|x86 = Debug|x86
		Release|x64 = Release|x64
		Release|x86 = Release|x86
	EndGlobalSection
	GlobalSection(ProjectConfigurationPlatforms) = postSolution
		{9302DAF9-FD7F-4B8F-9DE5-61C2B455D94C}.Debug|x64.ActiveCfg = Debug|x64
		{9302DAF9-FD7F-4B8F-9DE5-61C2B455D94C}.Debug|x64.Build.0 = Debug|x64
		{9302DAF9-FD7F-4B8F-9DE5-61C2B455D94C}.Debug|x86.ActiveCfg = Debug|Win32
		{9302DAF9-FD7F-4B8F-9DE5-61C2B455D94C}.Debug|x86.Build.0 = Debug|Win32
		{9302DAF9-FD7F-4B8F-9DE5-61C2B455D94C}.Release|x64.ActiveCfg = Release|x64
		{9302DAF9-FD7F-4B8F-9DE5-61C2B455D94C}.Release|x64.Build.0 = Release|x64
		{9302DAF9-FD7F-4B8F-9DE5-61C2B455D94C}.Release|x86.ActiveCfg = Release|Win32
		{9302DAF9-FD7F-4B8F-9DE5-61C2B455D94C}.Release|x86.Build.0 = Release|Win32
		{76F3C190-B0A2-4B77-AFF2-6FFC63604501}.Debug|x64.ActiveCfg = Debug|x64
		{76F3C190-B0A2-4B77-AFF2-6FFC63604501}.Debug|x64.Build.0 = Debug|x64
		{76F3C190-B0A2-4B77-AFF2-6FFC63604501}.Debug|x86.ActiveCfg = Debug|Win32
		{76F3C190-B0A2-4B77-AFF2-6FFC63604501}.Debug|x86.Build.0 = Debug|Win32
		{76F3C190-B0A2-4B77-AFF2-6FFC63604501}.Release|x64.ActiveCfg = Release|x64
		{76F3C190-B0A2-4B77-AFF2-6FFC63604501}.Release|x64.Build.0 = Release|x64
		{76F3C190-B0A2-4B77-AFF2-6FFC63604501}.Release|x86.ActiveCfg = Release|Win32
		{76F3C190-B0A2-4B77-AFF2-6FFC63604501}.Release|x86.Build.0 = Release|Win32
		{04FB05DE-E345-4EE4-8B2B-074B0D55B612}.Debug|x64.ActiveCfg = Debug|x64
		{04FB05DE-E345-4EE4-8B2B-074B0D55B612}.Debug|x64.Build.0 = Debug|x64
		{04FB05DE-E345-4EE4-8B2B-074B0D55B612}.Debug|x86.ActiveCfg = Debug|Win32
		{04FB05DE-E345-4EE4-8B2B-074B0D55B612}.Debug|x86.Build.0 = Debug|Win32
		{04FB05DE-E345-4EE4-8B2B-074B0D55B612}.Release|x64.ActiveCfg = Release|x64
		{04FB05DE-E345-4EE4-8B2B-074B0D55B612}.Release|x64.Build.0 = Release|x64
		{04FB05DE-E345-4EE4-8B2B-074B0D55B612}.Release|x86.ActiveCfg = Release|Win32
		{04FB05DE-E345-4EE4-8B2B-074B0D55B612}.Release|x86.Build.0 = Release|Win32
	EndGlobalSection
	GlobalSection(SolutionProperties) = preSolution
		HideSolutionNode = FALSE
	EndGlobalSection
	GlobalSection(ExtensibilityGlobals) = postSolution
		SolutionGuid = {8F9D415B-EDE1-4111-A59E-4CA8D9E4792B}
	EndGlobalSection
EndGlobal
